
Microsoft Visual Studio Solution File, Format Version 12.00
# Visual Studio Version 17
VisualStudioVersion = 17.3.32929.385
MinimumVisualStudioVersion = 10.0.40219.1
Project("{FAE04EC0-301F-11D3-BF4B-00C04F79EFBC}") = "Student_database", "Student_database.csproj", "{F5679A6B-780F-4A0A-B51F-9C3528ACAD26}"
EndProject
Global
	GlobalSection(SolutionConfigurationPlatforms) = preSolution
		Debug|Any CPU = Debug|Any CPU
		Release|Any CPU = Release|Any CPU
	EndGlobalSection
	GlobalSection(ProjectConfigurationPlatforms) = postSolution
		{F5679A6B-780F-4A0A-B51F-9C3528ACAD26}.Debug|Any CPU.ActiveCfg = Debug|Any CPU
		{F5679A6B-780F-4A0A-B51F-9C3528ACAD26}.Debug|Any CPU.Build.0 = Debug|Any CPU
		{F5679A6B-780F-4A0A-B51F-9C3528ACAD26}.Release|Any CPU.ActiveCfg = Release|Any CPU
		{F5679A6B-780F-4A0A-B51F-9C3528ACAD26}.Release|Any CPU.Build.0 = Release|Any CPU
	EndGlobalSection
	GlobalSection(SolutionProperties) = preSolution
		HideSolutionNode = FALSE
	EndGlobalSection
	GlobalSection(ExtensibilityGlobals) = postSolution
		SolutionGuid = {80B2FC73-9EA5-460A-8D5B-51E0ED4F2E2A}
	EndGlobalSection
EndGlobal
